{
	"name": "read",
	"version": "0.1.0",
	"lockfileVersion": 3,
	"requires": true,
	"packages": {
		"": {
			"name": "read",
			"version": "0.1.0",
			"dependencies": {
				"tree-sitter": "^0.21.1",
				"tree-sitter-javascript": "^0.23.1",
				"tree-sitter-python": "0.23.2",
				"tree-sitter-typescript": "^0.23.2"
			},
			"devDependencies": {
				"jiti": "^2.7.0"
			}
		},
		"node_modules/jiti": {
			"version": "2.7.0",
			"resolved": "https://registry.npmjs.org/jiti/-/jiti-2.7.0.tgz",
			"integrity": "sha512-AC/7JofJvZGrrneWNaEnJeOLUx+JlGt7tNa0wZiRPT4MY1wmfKjt2+6O2p2uz2+skll8OZZmJMNqeke7kKbNgQ==",
			"dev": true,
			"license": "MIT",
			"bin": {
				"jiti": "lib/jiti-cli.mjs"
			}
		},
		"node_modules/node-addon-api": {
			"version": "8.7.0",
			"resolved": "https://registry.npmjs.org/node-addon-api/-/node-addon-api-8.7.0.tgz",
			"integrity": "sha512-9MdFxmkKaOYVTV+XVRG8ArDwwQ77XIgIPyKASB1k3JPq3M8fGQQQE3YpMOrKm6g//Ktx8ivZr8xo1Qmtqub+GA==",
			"license": "MIT",
			"engines": {
				"node": "^18 || ^20 || >= 21"
			}
		},
		"node_modules/node-gyp-build": {
			"version": "4.8.4",
			"resolved": "https://registry.npmjs.org/node-gyp-build/-/node-gyp-build-4.8.4.tgz",
			"integrity": "sha512-LA4ZjwlnUblHVgq0oBF3Jl/6h/Nvs5fzBLwdEF4nuxnFdsfajde4WfxtJr3CaiH+F6ewcIB/q4jQ4UzPyid+CQ==",
			"license": "MIT",
			"bin": {
				"node-gyp-build": "bin.js",
				"node-gyp-build-optional": "optional.js",
				"node-gyp-build-test": "build-test.js"
			}
		},
		"node_modules/tree-sitter": {
			"version": "0.21.1",
			"resolved": "https://registry.npmjs.org/tree-sitter/-/tree-sitter-0.21.1.tgz",
			"integrity": "sha512-7dxoA6kYvtgWw80265MyqJlkRl4yawIjO7S5MigytjELkX43fV2WsAXzsNfO7sBpPPCF5Gp0+XzHk0DwLCq3xQ==",
			"hasInstallScript": true,
			"license": "MIT",
			"dependencies": {
				"node-addon-api": "^8.0.0",
				"node-gyp-build": "^4.8.0"
			}
		},
		"node_modules/tree-sitter-javascript": {
			"version": "0.23.1",
			"resolved": "https://registry.npmjs.org/tree-sitter-javascript/-/tree-sitter-javascript-0.23.1.tgz",
			"integrity": "sha512-/bnhbrTD9frUYHQTiYnPcxyHORIw157ERBa6dqzaKxvR/x3PC4Yzd+D1pZIMS6zNg2v3a8BZ0oK7jHqsQo9fWA==",
			"hasInstallScript": true,
			"license": "MIT",
			"dependencies": {
				"node-addon-api": "^8.2.2",
				"node-gyp-build": "^4.8.2"
			},
			"peerDependencies": {
				"tree-sitter": "^0.21.1"
			},
			"peerDependenciesMeta": {
				"tree-sitter": {
					"optional": true
				}
			}
		},
		"node_modules/tree-sitter-python": {
			"version": "0.23.2",
			"resolved": "https://registry.npmjs.org/tree-sitter-python/-/tree-sitter-python-0.23.2.tgz",
			"integrity": "sha512-QD9PbfIhlFZX3+hh5HPD8MGLIbV+CBxviyDpLRLceNCxI2ClPv8glu9TmLKaVoaWGMfDtBrU9UikRAbJ/4litA==",
			"hasInstallScript": true,
			"license": "MIT",
			"dependencies": {
				"node-addon-api": "^8.1.0",
				"node-gyp-build": "^4.8.2"
			},
			"peerDependencies": {
				"tree-sitter": "^0.21.0"
			},
			"peerDependenciesMeta": {
				"tree-sitter": {
					"optional": true
				}
			}
		},
		"node_modules/tree-sitter-typescript": {
			"version": "0.23.2",
			"resolved": "https://registry.npmjs.org/tree-sitter-typescript/-/tree-sitter-typescript-0.23.2.tgz",
			"integrity": "sha512-e04JUUKxTT53/x3Uq1zIL45DoYKVfHH4CZqwgZhPg5qYROl5nQjV+85ruFzFGZxu+QeFVbRTPDRnqL9UbU4VeA==",
			"hasInstallScript": true,
			"license": "MIT",
			"dependencies": {
				"node-addon-api": "^8.2.2",
				"node-gyp-build": "^4.8.2",
				"tree-sitter-javascript": "^0.23.1"
			},
			"peerDependencies": {
				"tree-sitter": "^0.21.0"
			},
			"peerDependenciesMeta": {
				"tree-sitter": {
					"optional": true
				}
			}
		}
	}
}
